// !$*UTF8*$!
{
	archiveVersion = 1;
	classes = {
	};
	objectVersion = 56;
	objects = {

/* Begin PBXBuildFile section */
		8F0F39742BA9B1AC009CCBB6 /* BirthdayView.swift in Sources */ = {isa = PBXBuildFile; fileRef = 8F0F39732BA9B1AC009CCBB6 /* BirthdayView.swift */; };
		8F0F39762BA9C744009CCBB6 /* PhoneView.swift in Sources */ = {isa = PBXBuildFile; fileRef = 8F0F39752BA9C744009CCBB6 /* PhoneView.swift */; };
		8F3B14FD2BA1908900119749 /* UserCell.swift in Sources */ = {isa = PBXBuildFile; fileRef = 8F3B14FC2BA1908900119749 /* UserCell.swift */; };
		8F3B14FF2BA38D2200119749 /* DetailViewController.swift in Sources */ = {isa = PBXBuildFile; fileRef = 8F3B14FE2BA38D2200119749 /* DetailViewController.swift */; };
		8F686F202BA8324E001ED802 /* SortSheetController.swift in Sources */ = {isa = PBXBuildFile; fileRef = 8F686F1F2BA8324E001ED802 /* SortSheetController.swift */; };
		8FCE7A202BAAA16300A9508E /* Localizable.stringsdict in Resources */ = {isa = PBXBuildFile; fileRef = 8FCE7A1E2BAAA16300A9508E /* Localizable.stringsdict */; };
		8FCE7A262BAC12DB00A9508E /* RadioButtonView.swift in Sources */ = {isa = PBXBuildFile; fileRef = 8FCE7A252BAC12DB00A9508E /* RadioButtonView.swift */; };
		8FCE7A282BAD7CE100A9508E /* TabMenuCollectionView.swift in Sources */ = {isa = PBXBuildFile; fileRef = 8FCE7A272BAD7CE100A9508E /* TabMenuCollectionView.swift */; };
		8FCE7A2B2BAD7FED00A9508E /* DepartmentCell.swift in Sources */ = {isa = PBXBuildFile; fileRef = 8FCE7A2A2BAD7FED00A9508E /* DepartmentCell.swift */; };
		8FCE7A2D2BAE019500A9508E /* ErrorSearchView.swift in Sources */ = {isa = PBXBuildFile; fileRef = 8FCE7A2C2BAE019500A9508E /* ErrorSearchView.swift */; };
		8FCE7A2F2BAE17C100A9508E /* CriticalErrorView.swift in Sources */ = {isa = PBXBuildFile; fileRef = 8FCE7A2E2BAE17C100A9508E /* CriticalErrorView.swift */; };
		D409734D2B96BFFD00EA7310 /* AppDelegate.swift in Sources */ = {isa = PBXBuildFile; fileRef = D409734C2B96BFFD00EA7310 /* AppDelegate.swift */; };
		D409734F2B96BFFD00EA7310 /* SceneDelegate.swift in Sources */ = {isa = PBXBuildFile; fileRef = D409734E2B96BFFD00EA7310 /* SceneDelegate.swift */; };
		D40973512B96BFFD00EA7310 /* UsersListViewController.swift in Sources */ = {isa = PBXBuildFile; fileRef = D40973502B96BFFD00EA7310 /* UsersListViewController.swift */; };
		D40973562B96BFFE00EA7310 /* Assets.xcassets in Resources */ = {isa = PBXBuildFile; fileRef = D40973552B96BFFE00EA7310 /* Assets.xcassets */; };
		D40973592B96BFFE00EA7310 /* LaunchScreen.storyboard in Resources */ = {isa = PBXBuildFile; fileRef = D40973572B96BFFE00EA7310 /* LaunchScreen.storyboard */; };
		D40973642B96BFFE00EA7310 /* UsersListTests.swift in Sources */ = {isa = PBXBuildFile; fileRef = D40973632B96BFFE00EA7310 /* UsersListTests.swift */; };
		D409736E2B96BFFE00EA7310 /* UsersListUITests.swift in Sources */ = {isa = PBXBuildFile; fileRef = D409736D2B96BFFE00EA7310 /* UsersListUITests.swift */; };
		D40973702B96BFFE00EA7310 /* UsersListUITestsLaunchTests.swift in Sources */ = {isa = PBXBuildFile; fileRef = D409736F2B96BFFE00EA7310 /* UsersListUITestsLaunchTests.swift */; };
		D40973822B9B918B00EA7310 /* User.swift in Sources */ = {isa = PBXBuildFile; fileRef = D40973812B9B918A00EA7310 /* User.swift */; };
		D40973852B9B945500EA7310 /* NetworkManager.swift in Sources */ = {isa = PBXBuildFile; fileRef = D40973842B9B945500EA7310 /* NetworkManager.swift */; };
/* End PBXBuildFile section */

/* Begin PBXContainerItemProxy section */
		D40973602B96BFFE00EA7310 /* PBXContainerItemProxy */ = {
			isa = PBXContainerItemProxy;
			containerPortal = D40973412B96BFFD00EA7310 /* Project object */;
			proxyType = 1;
			remoteGlobalIDString = D40973482B96BFFD00EA7310;
			remoteInfo = UsersList;
		};
		D409736A2B96BFFE00EA7310 /* PBXContainerItemProxy */ = {
			isa = PBXContainerItemProxy;
			containerPortal = D40973412B96BFFD00EA7310 /* Project object */;
			proxyType = 1;
			remoteGlobalIDString = D40973482B96BFFD00EA7310;
			remoteInfo = UsersList;
		};
/* End PBXContainerItemProxy section */

/* Begin PBXFileReference section */
		8F0F39732BA9B1AC009CCBB6 /* BirthdayView.swift */ = {isa = PBXFileReference; lastKnownFileType = sourcecode.swift; path = BirthdayView.swift; sourceTree = "<group>"; };
		8F0F39752BA9C744009CCBB6 /* PhoneView.swift */ = {isa = PBXFileReference; lastKnownFileType = sourcecode.swift; path = PhoneView.swift; sourceTree = "<group>"; };
		8F3B14FC2BA1908900119749 /* UserCell.swift */ = {isa = PBXFileReference; lastKnownFileType = sourcecode.swift; path = UserCell.swift; sourceTree = "<group>"; };
		8F3B14FE2BA38D2200119749 /* DetailViewController.swift */ = {isa = PBXFileReference; lastKnownFileType = sourcecode.swift; path = DetailViewController.swift; sourceTree = "<group>"; };
		8F686F1F2BA8324E001ED802 /* SortSheetController.swift */ = {isa = PBXFileReference; lastKnownFileType = sourcecode.swift; path = SortSheetController.swift; sourceTree = "<group>"; };
		8FCE7A212BAAA24400A9508E /* ru */ = {isa = PBXFileReference; lastKnownFileType = text.plist.stringsdict; name = ru; path = ru.lproj/Localizable.stringsdict; sourceTree = "<group>"; };
		8FCE7A222BAAA7BF00A9508E /* en */ = {isa = PBXFileReference; lastKnownFileType = text.plist.stringsdict; name = en; path = en.lproj/Localizable.stringsdict; sourceTree = "<group>"; };
		8FCE7A252BAC12DB00A9508E /* RadioButtonView.swift */ = {isa = PBXFileReference; lastKnownFileType = sourcecode.swift; path = RadioButtonView.swift; sourceTree = "<group>"; };
		8FCE7A272BAD7CE100A9508E /* TabMenuCollectionView.swift */ = {isa = PBXFileReference; lastKnownFileType = sourcecode.swift; path = TabMenuCollectionView.swift; sourceTree = "<group>"; };
		8FCE7A2A2BAD7FED00A9508E /* DepartmentCell.swift */ = {isa = PBXFileReference; lastKnownFileType = sourcecode.swift; path = DepartmentCell.swift; sourceTree = "<group>"; };
		8FCE7A2C2BAE019500A9508E /* ErrorSearchView.swift */ = {isa = PBXFileReference; lastKnownFileType = sourcecode.swift; path = ErrorSearchView.swift; sourceTree = "<group>"; };
		8FCE7A2E2BAE17C100A9508E /* CriticalErrorView.swift */ = {isa = PBXFileReference; lastKnownFileType = sourcecode.swift; path = CriticalErrorView.swift; sourceTree = "<group>"; };
		D40973492B96BFFD00EA7310 /* UsersList.app */ = {isa = PBXFileReference; explicitFileType = wrapper.application; includeInIndex = 0; path = UsersList.app; sourceTree = BUILT_PRODUCTS_DIR; };
		D409734C2B96BFFD00EA7310 /* AppDelegate.swift */ = {isa = PBXFileReference; lastKnownFileType = sourcecode.swift; path = AppDelegate.swift; sourceTree = "<group>"; };
		D409734E2B96BFFD00EA7310 /* SceneDelegate.swift */ = {isa = PBXFileReference; lastKnownFileType = sourcecode.swift; path = SceneDelegate.swift; sourceTree = "<group>"; };
		D40973502B96BFFD00EA7310 /* UsersListViewController.swift */ = {isa = PBXFileReference; lastKnownFileType = sourcecode.swift; path = UsersListViewController.swift; sourceTree = "<group>"; };
		D40973552B96BFFE00EA7310 /* Assets.xcassets */ = {isa = PBXFileReference; lastKnownFileType = folder.assetcatalog; path = Assets.xcassets; sourceTree = "<group>"; };
		D40973582B96BFFE00EA7310 /* Base */ = {isa = PBXFileReference; lastKnownFileType = file.storyboard; name = Base; path = Base.lproj/LaunchScreen.storyboard; sourceTree = "<group>"; };
		D409735A2B96BFFE00EA7310 /* Info.plist */ = {isa = PBXFileReference; lastKnownFileType = text.plist.xml; path = Info.plist; sourceTree = "<group>"; };
		D409735F2B96BFFE00EA7310 /* UsersListTests.xctest */ = {isa = PBXFileReference; explicitFileType = wrapper.cfbundle; includeInIndex = 0; path = UsersListTests.xctest; sourceTree = BUILT_PRODUCTS_DIR; };
		D40973632B96BFFE00EA7310 /* UsersListTests.swift */ = {isa = PBXFileReference; lastKnownFileType = sourcecode.swift; path = UsersListTests.swift; sourceTree = "<group>"; };
		D40973692B96BFFE00EA7310 /* UsersListUITests.xctest */ = {isa = PBXFileReference; explicitFileType = wrapper.cfbundle; includeInIndex = 0; path = UsersListUITests.xctest; sourceTree = BUILT_PRODUCTS_DIR; };
		D409736D2B96BFFE00EA7310 /* UsersListUITests.swift */ = {isa = PBXFileReference; lastKnownFileType = sourcecode.swift; path = UsersListUITests.swift; sourceTree = "<group>"; };
		D409736F2B96BFFE00EA7310 /* UsersListUITestsLaunchTests.swift */ = {isa = PBXFileReference; lastKnownFileType = sourcecode.swift; path = UsersListUITestsLaunchTests.swift; sourceTree = "<group>"; };
		D40973812B9B918A00EA7310 /* User.swift */ = {isa = PBXFileReference; lastKnownFileType = sourcecode.swift; path = User.swift; sourceTree = "<group>"; };
		D40973842B9B945500EA7310 /* NetworkManager.swift */ = {isa = PBXFileReference; lastKnownFileType = sourcecode.swift; path = NetworkManager.swift; sourceTree = "<group>"; };
/* End PBXFileReference section */

/* Begin PBXFrameworksBuildPhase section */
		D40973462B96BFFD00EA7310 /* Frameworks */ = {
			isa = PBXFrameworksBuildPhase;
			buildActionMask = 2147483647;
			files = (
			);
			runOnlyForDeploymentPostprocessing = 0;
		};
		D409735C2B96BFFE00EA7310 /* Frameworks */ = {
			isa = PBXFrameworksBuildPhase;
			buildActionMask = 2147483647;
			files = (
			);
			runOnlyForDeploymentPostprocessing = 0;
		};
		D40973662B96BFFE00EA7310 /* Frameworks */ = {
			isa = PBXFrameworksBuildPhase;
			buildActionMask = 2147483647;
			files = (
			);
			runOnlyForDeploymentPostprocessing = 0;
		};
/* End PBXFrameworksBuildPhase section */

/* Begin PBXGroup section */
		8F11C8902BA14E6200005010 /* Views */ = {
			isa = PBXGroup;
			children = (
				8FCE7A2C2BAE019500A9508E /* ErrorSearchView.swift */,
				8FCE7A2E2BAE17C100A9508E /* CriticalErrorView.swift */,
				8FCE7A272BAD7CE100A9508E /* TabMenuCollectionView.swift */,
				8FCE7A292BAD7D9300A9508E /* Cells */,
			);
			path = Views;
			sourceTree = "<group>";
		};
		8F686F212BA94467001ED802 /* SortUser */ = {
			isa = PBXGroup;
			children = (
				8FCE7A232BAC0DE500A9508E /* Views */,
				8FCE7A242BAC0DF400A9508E /* Controllers */,
			);
			path = SortUser;
			sourceTree = "<group>";
		};
		8F686F222BA944AE001ED802 /* ListOfUsers */ = {
			isa = PBXGroup;
			children = (
				8F11C8902BA14E6200005010 /* Views */,
				8F686F232BA9451D001ED802 /* ViewControllers */,
			);
			path = ListOfUsers;
			sourceTree = "<group>";
		};
		8F686F232BA9451D001ED802 /* ViewControllers */ = {
			isa = PBXGroup;
			children = (
				D40973502B96BFFD00EA7310 /* UsersListViewController.swift */,
			);
			path = ViewControllers;
			sourceTree = "<group>";
		};
		8F686F242BA945C4001ED802 /* UserDetails */ = {
			isa = PBXGroup;
			children = (
				8F686F252BA94615001ED802 /* Views */,
				D409737D2B9B902E00EA7310 /* ViewControllers */,
			);
			path = UserDetails;
			sourceTree = "<group>";
		};
		8F686F252BA94615001ED802 /* Views */ = {
			isa = PBXGroup;
			children = (
				8F0F39732BA9B1AC009CCBB6 /* BirthdayView.swift */,
				8F0F39752BA9C744009CCBB6 /* PhoneView.swift */,
			);
			path = Views;
			sourceTree = "<group>";
		};
		8FCE7A232BAC0DE500A9508E /* Views */ = {
			isa = PBXGroup;
			children = (
				8FCE7A252BAC12DB00A9508E /* RadioButtonView.swift */,
			);
			path = Views;
			sourceTree = "<group>";
		};
		8FCE7A242BAC0DF400A9508E /* Controllers */ = {
			isa = PBXGroup;
			children = (
				8F686F1F2BA8324E001ED802 /* SortSheetController.swift */,
			);
			path = Controllers;
			sourceTree = "<group>";
		};
		8FCE7A292BAD7D9300A9508E /* Cells */ = {
			isa = PBXGroup;
			children = (
				8F3B14FC2BA1908900119749 /* UserCell.swift */,
				8FCE7A2A2BAD7FED00A9508E /* DepartmentCell.swift */,
			);
			path = Cells;
			sourceTree = "<group>";
		};
		D40973402B96BFFD00EA7310 = {
			isa = PBXGroup;
			children = (
				D409734B2B96BFFD00EA7310 /* UsersList */,
				D40973622B96BFFE00EA7310 /* UsersListTests */,
				D409736C2B96BFFE00EA7310 /* UsersListUITests */,
				D409734A2B96BFFD00EA7310 /* Products */,
			);
			sourceTree = "<group>";
		};
		D409734A2B96BFFD00EA7310 /* Products */ = {
			isa = PBXGroup;
			children = (
				D40973492B96BFFD00EA7310 /* UsersList.app */,
				D409735F2B96BFFE00EA7310 /* UsersListTests.xctest */,
				D40973692B96BFFE00EA7310 /* UsersListUITests.xctest */,
			);
			name = Products;
			sourceTree = "<group>";
		};
		D409734B2B96BFFD00EA7310 /* UsersList */ = {
			isa = PBXGroup;
			children = (
				D409737C2B9B901500EA7310 /* App */,
				D40973832B9B942A00EA7310 /* Services */,
				D40973802B9B90AC00EA7310 /* Models */,
				8F686F222BA944AE001ED802 /* ListOfUsers */,
				8F686F242BA945C4001ED802 /* UserDetails */,
				8F686F212BA94467001ED802 /* SortUser */,
				D409737F2B9B907B00EA7310 /* Resources */,
				D409737E2B9B905A00EA7310 /* Storyboards */,
			);
			path = UsersList;
			sourceTree = "<group>";
		};
		D40973622B96BFFE00EA7310 /* UsersListTests */ = {
			isa = PBXGroup;
			children = (
				D40973632B96BFFE00EA7310 /* UsersListTests.swift */,
			);
			path = UsersListTests;
			sourceTree = "<group>";
		};
		D409736C2B96BFFE00EA7310 /* UsersListUITests */ = {
			isa = PBXGroup;
			children = (
				D409736D2B96BFFE00EA7310 /* UsersListUITests.swift */,
				D409736F2B96BFFE00EA7310 /* UsersListUITestsLaunchTests.swift */,
			);
			path = UsersListUITests;
			sourceTree = "<group>";
		};
		D409737C2B9B901500EA7310 /* App */ = {
			isa = PBXGroup;
			children = (
				D409734C2B96BFFD00EA7310 /* AppDelegate.swift */,
				D409734E2B96BFFD00EA7310 /* SceneDelegate.swift */,
				D409735A2B96BFFE00EA7310 /* Info.plist */,
			);
			path = App;
			sourceTree = "<group>";
		};
		D409737D2B9B902E00EA7310 /* ViewControllers */ = {
			isa = PBXGroup;
			children = (
				8F3B14FE2BA38D2200119749 /* DetailViewController.swift */,
			);
			path = ViewControllers;
			sourceTree = "<group>";
		};
		D409737E2B9B905A00EA7310 /* Storyboards */ = {
			isa = PBXGroup;
			children = (
				D40973572B96BFFE00EA7310 /* LaunchScreen.storyboard */,
			);
			path = Storyboards;
			sourceTree = "<group>";
		};
		D409737F2B9B907B00EA7310 /* Resources */ = {
			isa = PBXGroup;
			children = (
				D40973552B96BFFE00EA7310 /* Assets.xcassets */,
				8FCE7A1E2BAAA16300A9508E /* Localizable.stringsdict */,
			);
			path = Resources;
			sourceTree = "<group>";
		};
		D40973802B9B90AC00EA7310 /* Models */ = {
			isa = PBXGroup;
			children = (
				D40973812B9B918A00EA7310 /* User.swift */,
			);
			path = Models;
			sourceTree = "<group>";
		};
		D40973832B9B942A00EA7310 /* Services */ = {
			isa = PBXGroup;
			children = (
				D40973842B9B945500EA7310 /* NetworkManager.swift */,
			);
			path = Services;
			sourceTree = "<group>";
		};
/* End PBXGroup section */

/* Begin PBXNativeTarget section */
		D40973482B96BFFD00EA7310 /* UsersList */ = {
			isa = PBXNativeTarget;
			buildConfigurationList = D40973732B96BFFE00EA7310 /* Build configuration list for PBXNativeTarget "UsersList" */;
			buildPhases = (
				D40973452B96BFFD00EA7310 /* Sources */,
				D40973462B96BFFD00EA7310 /* Frameworks */,
				D40973472B96BFFD00EA7310 /* Resources */,
			);
			buildRules = (
			);
			dependencies = (
			);
			name = UsersList;
			productName = UsersList;
			productReference = D40973492B96BFFD00EA7310 /* UsersList.app */;
			productType = "com.apple.product-type.application";
		};
		D409735E2B96BFFE00EA7310 /* UsersListTests */ = {
			isa = PBXNativeTarget;
			buildConfigurationList = D40973762B96BFFE00EA7310 /* Build configuration list for PBXNativeTarget "UsersListTests" */;
			buildPhases = (
				D409735B2B96BFFE00EA7310 /* Sources */,
				D409735C2B96BFFE00EA7310 /* Frameworks */,
				D409735D2B96BFFE00EA7310 /* Resources */,
			);
			buildRules = (
			);
			dependencies = (
				D40973612B96BFFE00EA7310 /* PBXTargetDependency */,
			);
			name = UsersListTests;
			productName = UsersListTests;
			productReference = D409735F2B96BFFE00EA7310 /* UsersListTests.xctest */;
			productType = "com.apple.product-type.bundle.unit-test";
		};
		D40973682B96BFFE00EA7310 /* UsersListUITests */ = {
			isa = PBXNativeTarget;
			buildConfigurationList = D40973792B96BFFE00EA7310 /* Build configuration list for PBXNativeTarget "UsersListUITests" */;
			buildPhases = (
				D40973652B96BFFE00EA7310 /* Sources */,
				D40973662B96BFFE00EA7310 /* Frameworks */,
				D40973672B96BFFE00EA7310 /* Resources */,
			);
			buildRules = (
			);
			dependencies = (
				D409736B2B96BFFE00EA7310 /* PBXTargetDependency */,
			);
			name = UsersListUITests;
			productName = UsersListUITests;
			productReference = D40973692B96BFFE00EA7310 /* UsersListUITests.xctest */;
			productType = "com.apple.product-type.bundle.ui-testing";
		};
/* End PBXNativeTarget section */

/* Begin PBXProject section */
		D40973412B96BFFD00EA7310 /* Project object */ = {
			isa = PBXProject;
			attributes = {
				BuildIndependentTargetsInParallel = 1;
				LastSwiftUpdateCheck = 1520;
				LastUpgradeCheck = 1520;
				TargetAttributes = {
					D40973482B96BFFD00EA7310 = {
						CreatedOnToolsVersion = 15.2;
					};
					D409735E2B96BFFE00EA7310 = {
						CreatedOnToolsVersion = 15.2;
						TestTargetID = D40973482B96BFFD00EA7310;
					};
					D40973682B96BFFE00EA7310 = {
						CreatedOnToolsVersion = 15.2;
						TestTargetID = D40973482B96BFFD00EA7310;
					};
				};
			};
			buildConfigurationList = D40973442B96BFFD00EA7310 /* Build configuration list for PBXProject "UsersList" */;
			compatibilityVersion = "Xcode 14.0";
			developmentRegion = en;
			hasScannedForEncodings = 0;
			knownRegions = (
				en,
				Base,
				ru,
			);
			mainGroup = D40973402B96BFFD00EA7310;
			productRefGroup = D409734A2B96BFFD00EA7310 /* Products */;
			projectDirPath = "";
			projectRoot = "";
			targets = (
				D40973482B96BFFD00EA7310 /* UsersList */,
				D409735E2B96BFFE00EA7310 /* UsersListTests */,
				D40973682B96BFFE00EA7310 /* UsersListUITests */,
			);
		};
/* End PBXProject section */

/* Begin PBXResourcesBuildPhase section */
		D40973472B96BFFD00EA7310 /* Resources */ = {
			isa = PBXResourcesBuildPhase;
			buildActionMask = 2147483647;
			files = (
				D40973592B96BFFE00EA7310 /* LaunchScreen.storyboard in Resources */,
				D40973562B96BFFE00EA7310 /* Assets.xcassets in Resources */,
				8FCE7A202BAAA16300A9508E /* Localizable.stringsdict in Resources */,
			);
			runOnlyForDeploymentPostprocessing = 0;
		};
		D409735D2B96BFFE00EA7310 /* Resources */ = {
			isa = PBXResourcesBuildPhase;
			buildActionMask = 2147483647;
			files = (
			);
			runOnlyForDeploymentPostprocessing = 0;
		};
		D40973672B96BFFE00EA7310 /* Resources */ = {
			isa = PBXResourcesBuildPhase;
			buildActionMask = 2147483647;
			files = (
			);
			runOnlyForDeploymentPostprocessing = 0;
		};
/* End PBXResourcesBuildPhase section */

/* Begin PBXSourcesBuildPhase section */
		D40973452B96BFFD00EA7310 /* Sources */ = {
			isa = PBXSourcesBuildPhase;
			buildActionMask = 2147483647;
			files = (
				8FCE7A2B2BAD7FED00A9508E /* DepartmentCell.swift in Sources */,
				8FCE7A2D2BAE019500A9508E /* ErrorSearchView.swift in Sources */,
				D40973822B9B918B00EA7310 /* User.swift in Sources */,
				8FCE7A2F2BAE17C100A9508E /* CriticalErrorView.swift in Sources */,
				8F0F39762BA9C744009CCBB6 /* PhoneView.swift in Sources */,
				D40973512B96BFFD00EA7310 /* UsersListViewController.swift in Sources */,
				8F686F202BA8324E001ED802 /* SortSheetController.swift in Sources */,
				8F0F39742BA9B1AC009CCBB6 /* BirthdayView.swift in Sources */,
				8FCE7A282BAD7CE100A9508E /* TabMenuCollectionView.swift in Sources */,
				8F3B14FD2BA1908900119749 /* UserCell.swift in Sources */,
				D40973852B9B945500EA7310 /* NetworkManager.swift in Sources */,
				D409734D2B96BFFD00EA7310 /* AppDelegate.swift in Sources */,
				D409734F2B96BFFD00EA7310 /* SceneDelegate.swift in Sources */,
				8FCE7A262BAC12DB00A9508E /* RadioButtonView.swift in Sources */,
				8F3B14FF2BA38D2200119749 /* DetailViewController.swift in Sources */,
			);
			runOnlyForDeploymentPostprocessing = 0;
		};
		D409735B2B96BFFE00EA7310 /* Sources */ = {
			isa = PBXSourcesBuildPhase;
			buildActionMask = 2147483647;
			files = (
				D40973642B96BFFE00EA7310 /* UsersListTests.swift in Sources */,
			);
			runOnlyForDeploymentPostprocessing = 0;
		};
		D40973652B96BFFE00EA7310 /* Sources */ = {
			isa = PBXSourcesBuildPhase;
			buildActionMask = 2147483647;
			files = (
				D409736E2B96BFFE00EA7310 /* UsersListUITests.swift in Sources */,
				D40973702B96BFFE00EA7310 /* UsersListUITestsLaunchTests.swift in Sources */,
			);
			runOnlyForDeploymentPostprocessing = 0;
		};
/* End PBXSourcesBuildPhase section */

/* Begin PBXTargetDependency section */
		D40973612B96BFFE00EA7310 /* PBXTargetDependency */ = {
			isa = PBXTargetDependency;
			target = D40973482B96BFFD00EA7310 /* UsersList */;
			targetProxy = D40973602B96BFFE00EA7310 /* PBXContainerItemProxy */;
		};
		D409736B2B96BFFE00EA7310 /* PBXTargetDependency */ = {
			isa = PBXTargetDependency;
			target = D40973482B96BFFD00EA7310 /* UsersList */;
			targetProxy = D409736A2B96BFFE00EA7310 /* PBXContainerItemProxy */;
		};
/* End PBXTargetDependency section */

/* Begin PBXVariantGroup section */
		8FCE7A1E2BAAA16300A9508E /* Localizable.stringsdict */ = {
			isa = PBXVariantGroup;
			children = (
				8FCE7A212BAAA24400A9508E /* ru */,
				8FCE7A222BAAA7BF00A9508E /* en */,
			);
			name = Localizable.stringsdict;
			sourceTree = "<group>";
		};
		D40973572B96BFFE00EA7310 /* LaunchScreen.storyboard */ = {
			isa = PBXVariantGroup;
			children = (
				D40973582B96BFFE00EA7310 /* Base */,
			);
			name = LaunchScreen.storyboard;
			sourceTree = "<group>";
		};
/* End PBXVariantGroup section */

/* Begin XCBuildConfiguration section */
		D40973712B96BFFE00EA7310 /* Debug */ = {
			isa = XCBuildConfiguration;
			buildSettings = {
				ALWAYS_SEARCH_USER_PATHS = NO;
				ASSETCATALOG_COMPILER_GENERATE_SWIFT_ASSET_SYMBOL_EXTENSIONS = YES;
				CLANG_ANALYZER_NONNULL = YES;
				CLANG_ANALYZER_NUMBER_OBJECT_CONVERSION = YES_AGGRESSIVE;
				CLANG_CXX_LANGUAGE_STANDARD = "gnu++20";
				CLANG_ENABLE_MODULES = YES;
				CLANG_ENABLE_OBJC_ARC = YES;
				CLANG_ENABLE_OBJC_WEAK = YES;
				CLANG_WARN_BLOCK_CAPTURE_AUTORELEASING = YES;
				CLANG_WARN_BOOL_CONVERSION = YES;
				CLANG_WARN_COMMA = YES;
				CLANG_WARN_CONSTANT_CONVERSION = YES;
				CLANG_WARN_DEPRECATED_OBJC_IMPLEMENTATIONS = YES;
				CLANG_WARN_DIRECT_OBJC_ISA_USAGE = YES_ERROR;
				CLANG_WARN_DOCUMENTATION_COMMENTS = YES;
				CLANG_WARN_EMPTY_BODY = YES;
				CLANG_WARN_ENUM_CONVERSION = YES;
				CLANG_WARN_INFINITE_RECURSION = YES;
				CLANG_WARN_INT_CONVERSION = YES;
				CLANG_WARN_NON_LITERAL_NULL_CONVERSION = YES;
				CLANG_WARN_OBJC_IMPLICIT_RETAIN_SELF = YES;
				CLANG_WARN_OBJC_LITERAL_CONVERSION = YES;
				CLANG_WARN_OBJC_ROOT_CLASS = YES_ERROR;
				CLANG_WARN_QUOTED_INCLUDE_IN_FRAMEWORK_HEADER = YES;
				CLANG_WARN_RANGE_LOOP_ANALYSIS = YES;
				CLANG_WARN_STRICT_PROTOTYPES = YES;
				CLANG_WARN_SUSPICIOUS_MOVE = YES;
				CLANG_WARN_UNGUARDED_AVAILABILITY = YES_AGGRESSIVE;
				CLANG_WARN_UNREACHABLE_CODE = YES;
				CLANG_WARN__DUPLICATE_METHOD_MATCH = YES;
				COPY_PHASE_STRIP = NO;
				DEBUG_INFORMATION_FORMAT = dwarf;
				ENABLE_STRICT_OBJC_MSGSEND = YES;
				ENABLE_TESTABILITY = YES;
				ENABLE_USER_SCRIPT_SANDBOXING = YES;
				GCC_C_LANGUAGE_STANDARD = gnu17;
				GCC_DYNAMIC_NO_PIC = NO;
				GCC_NO_COMMON_BLOCKS = YES;
				GCC_OPTIMIZATION_LEVEL = 0;
				GCC_PREPROCESSOR_DEFINITIONS = (
					"DEBUG=1",
					"$(inherited)",
				);
				GCC_WARN_64_TO_32_BIT_CONVERSION = YES;
				GCC_WARN_ABOUT_RETURN_TYPE = YES_ERROR;
				GCC_WARN_UNDECLARED_SELECTOR = YES;
				GCC_WARN_UNINITIALIZED_AUTOS = YES_AGGRESSIVE;
				GCC_WARN_UNUSED_FUNCTION = YES;
				GCC_WARN_UNUSED_VARIABLE = YES;
				IPHONEOS_DEPLOYMENT_TARGET = 17.2;
				LOCALIZATION_PREFERS_STRING_CATALOGS = YES;
				MTL_ENABLE_DEBUG_INFO = INCLUDE_SOURCE;
				MTL_FAST_MATH = YES;
				ONLY_ACTIVE_ARCH = YES;
				SDKROOT = iphoneos;
				SWIFT_ACTIVE_COMPILATION_CONDITIONS = "DEBUG $(inherited)";
				SWIFT_OPTIMIZATION_LEVEL = "-Onone";
			};
			name = Debug;
		};
		D40973722B96BFFE00EA7310 /* Release */ = {
			isa = XCBuildConfiguration;
			buildSettings = {
				ALWAYS_SEARCH_USER_PATHS = NO;
				ASSETCATALOG_COMPILER_GENERATE_SWIFT_ASSET_SYMBOL_EXTENSIONS = YES;
				CLANG_ANALYZER_NONNULL = YES;
				CLANG_ANALYZER_NUMBER_OBJECT_CONVERSION = YES_AGGRESSIVE;
				CLANG_CXX_LANGUAGE_STANDARD = "gnu++20";
				CLANG_ENABLE_MODULES = YES;
				CLANG_ENABLE_OBJC_ARC = YES;
				CLANG_ENABLE_OBJC_WEAK = YES;
				CLANG_WARN_BLOCK_CAPTURE_AUTORELEASING = YES;
				CLANG_WARN_BOOL_CONVERSION = YES;
				CLANG_WARN_COMMA = YES;
				CLANG_WARN_CONSTANT_CONVERSION = YES;
				CLANG_WARN_DEPRECATED_OBJC_IMPLEMENTATIONS = YES;
				CLANG_WARN_DIRECT_OBJC_ISA_USAGE = YES_ERROR;
				CLANG_WARN_DOCUMENTATION_COMMENTS = YES;
				CLANG_WARN_EMPTY_BODY = YES;
				CLANG_WARN_ENUM_CONVERSION = YES;
				CLANG_WARN_INFINITE_RECURSION = YES;
				CLANG_WARN_INT_CONVERSION = YES;
				CLANG_WARN_NON_LITERAL_NULL_CONVERSION = YES;
				CLANG_WARN_OBJC_IMPLICIT_RETAIN_SELF = YES;
				CLANG_WARN_OBJC_LITERAL_CONVERSION = YES;
				CLANG_WARN_OBJC_ROOT_CLASS = YES_ERROR;
				CLANG_WARN_QUOTED_INCLUDE_IN_FRAMEWORK_HEADER = YES;
				CLANG_WARN_RANGE_LOOP_ANALYSIS = YES;
				CLANG_WARN_STRICT_PROTOTYPES = YES;
				CLANG_WARN_SUSPICIOUS_MOVE = YES;
				CLANG_WARN_UNGUARDED_AVAILABILITY = YES_AGGRESSIVE;
				CLANG_WARN_UNREACHABLE_CODE = YES;
				CLANG_WARN__DUPLICATE_METHOD_MATCH = YES;
				COPY_PHASE_STRIP = NO;
				DEBUG_INFORMATION_FORMAT = "dwarf-with-dsym";
				ENABLE_NS_ASSERTIONS = NO;
				ENABLE_STRICT_OBJC_MSGSEND = YES;
				ENABLE_USER_SCRIPT_SANDBOXING = YES;
				GCC_C_LANGUAGE_STANDARD = gnu17;
				GCC_NO_COMMON_BLOCKS = YES;
				GCC_WARN_64_TO_32_BIT_CONVERSION = YES;
				GCC_WARN_ABOUT_RETURN_TYPE = YES_ERROR;
				GCC_WARN_UNDECLARED_SELECTOR = YES;
				GCC_WARN_UNINITIALIZED_AUTOS = YES_AGGRESSIVE;
				GCC_WARN_UNUSED_FUNCTION = YES;
				GCC_WARN_UNUSED_VARIABLE = YES;
				IPHONEOS_DEPLOYMENT_TARGET = 17.2;
				LOCALIZATION_PREFERS_STRING_CATALOGS = YES;
				MTL_ENABLE_DEBUG_INFO = NO;
				MTL_FAST_MATH = YES;
				SDKROOT = iphoneos;
				SWIFT_COMPILATION_MODE = wholemodule;
				VALIDATE_PRODUCT = YES;
			};
			name = Release;
		};
		D40973742B96BFFE00EA7310 /* Debug */ = {
			isa = XCBuildConfiguration;
			buildSettings = {
				ASSETCATALOG_COMPILER_APPICON_NAME = AppIcon;
				ASSETCATALOG_COMPILER_GLOBAL_ACCENT_COLOR_NAME = AccentColor;
				CODE_SIGN_STYLE = Automatic;
				CURRENT_PROJECT_VERSION = 1;
				DEVELOPMENT_TEAM = M9QM497LW6;
				GENERATE_INFOPLIST_FILE = YES;
				INFOPLIST_FILE = UsersList/App/Info.plist;
				INFOPLIST_KEY_UIApplicationSupportsIndirectInputEvents = YES;
				INFOPLIST_KEY_UILaunchStoryboardName = LaunchScreen;
				INFOPLIST_KEY_UIStatusBarStyle = "";
				INFOPLIST_KEY_UISupportedInterfaceOrientations = UIInterfaceOrientationPortrait;
				IPHONEOS_DEPLOYMENT_TARGET = 15.0;
				LD_RUNPATH_SEARCH_PATHS = (
					"$(inherited)",
					"@executable_path/Frameworks",
				);
				MARKETING_VERSION = 1.0;
				PRODUCT_BUNDLE_IDENTIFIER = com.Gordey.UsersList.UsersList;
				PRODUCT_NAME = "$(TARGET_NAME)";
				SUPPORTED_PLATFORMS = "iphoneos iphonesimulator";
				SUPPORTS_MACCATALYST = NO;
				SUPPORTS_MAC_DESIGNED_FOR_IPHONE_IPAD = NO;
				SUPPORTS_XR_DESIGNED_FOR_IPHONE_IPAD = NO;
				SWIFT_EMIT_LOC_STRINGS = YES;
				SWIFT_VERSION = 5.0;
				TARGETED_DEVICE_FAMILY = 1;
			};
			name = Debug;
		};
		D40973752B96BFFE00EA7310 /* Release */ = {
			isa = XCBuildConfiguration;
			buildSettings = {
				ASSETCATALOG_COMPILER_APPICON_NAME = AppIcon;
				ASSETCATALOG_COMPILER_GLOBAL_ACCENT_COLOR_NAME = AccentColor;
				CODE_SIGN_STYLE = Automatic;
				CURRENT_PROJECT_VERSION = 1;
				DEVELOPMENT_TEAM = M9QM497LW6;
				GENERATE_INFOPLIST_FILE = YES;
				INFOPLIST_FILE = UsersList/App/Info.plist;
				INFOPLIST_KEY_UIApplicationSupportsIndirectInputEvents = YES;
				INFOPLIST_KEY_UILaunchStoryboardName = LaunchScreen;
				INFOPLIST_KEY_UIStatusBarStyle = "";
				INFOPLIST_KEY_UISupportedInterfaceOrientations = UIInterfaceOrientationPortrait;
				IPHONEOS_DEPLOYMENT_TARGET = 15.0;
				LD_RUNPATH_SEARCH_PATHS = (
					"$(inherited)",
					"@executable_path/Frameworks",
				);
				MARKETING_VERSION = 1.0;
				PRODUCT_BUNDLE_IDENTIFIER = com.Gordey.UsersList.UsersList;
				PRODUCT_NAME = "$(TARGET_NAME)";
				SUPPORTED_PLATFORMS = "iphoneos iphonesimulator";
				SUPPORTS_MACCATALYST = NO;
				SUPPORTS_MAC_DESIGNED_FOR_IPHONE_IPAD = NO;
				SUPPORTS_XR_DESIGNED_FOR_IPHONE_IPAD = NO;
				SWIFT_EMIT_LOC_STRINGS = YES;
				SWIFT_VERSION = 5.0;
				TARGETED_DEVICE_FAMILY = 1;
			};
			name = Release;
		};
		D40973772B96BFFE00EA7310 /* Debug */ = {
			isa = XCBuildConfiguration;
			buildSettings = {
				ALWAYS_EMBED_SWIFT_STANDARD_LIBRARIES = YES;
				BUNDLE_LOADER = "$(TEST_HOST)";
				CODE_SIGN_STYLE = Automatic;
				CURRENT_PROJECT_VERSION = 1;
				GENERATE_INFOPLIST_FILE = YES;
				IPHONEOS_DEPLOYMENT_TARGET = 17.2;
				MARKETING_VERSION = 1.0;
				PRODUCT_BUNDLE_IDENTIFIER = com.Gordey.UsersList.UsersListTests;
				PRODUCT_NAME = "$(TARGET_NAME)";
				SWIFT_EMIT_LOC_STRINGS = NO;
				SWIFT_VERSION = 5.0;
				TARGETED_DEVICE_FAMILY = "1,2";
				TEST_HOST = "$(BUILT_PRODUCTS_DIR)/UsersList.app/$(BUNDLE_EXECUTABLE_FOLDER_PATH)/UsersList";
			};
			name = Debug;
		};
		D40973782B96BFFE00EA7310 /* Release */ = {
			isa = XCBuildConfiguration;
			buildSettings = {
				ALWAYS_EMBED_SWIFT_STANDARD_LIBRARIES = YES;
				BUNDLE_LOADER = "$(TEST_HOST)";
				CODE_SIGN_STYLE = Automatic;
				CURRENT_PROJECT_VERSION = 1;
				GENERATE_INFOPLIST_FILE = YES;
				IPHONEOS_DEPLOYMENT_TARGET = 17.2;
				MARKETING_VERSION = 1.0;
				PRODUCT_BUNDLE_IDENTIFIER = com.Gordey.UsersList.UsersListTests;
				PRODUCT_NAME = "$(TARGET_NAME)";
				SWIFT_EMIT_LOC_STRINGS = NO;
				SWIFT_VERSION = 5.0;
				TARGETED_DEVICE_FAMILY = "1,2";
				TEST_HOST = "$(BUILT_PRODUCTS_DIR)/UsersList.app/$(BUNDLE_EXECUTABLE_FOLDER_PATH)/UsersList";
			};
			name = Release;
		};
		D409737A2B96BFFE00EA7310 /* Debug */ = {
			isa = XCBuildConfiguration;
			buildSettings = {
				ALWAYS_EMBED_SWIFT_STANDARD_LIBRARIES = YES;
				CODE_SIGN_STYLE = Automatic;
				CURRENT_PROJECT_VERSION = 1;
				GENERATE_INFOPLIST_FILE = YES;
				MARKETING_VERSION = 1.0;
				PRODUCT_BUNDLE_IDENTIFIER = com.Gordey.UsersList.UsersListUITests;
				PRODUCT_NAME = "$(TARGET_NAME)";
				SWIFT_EMIT_LOC_STRINGS = NO;
				SWIFT_VERSION = 5.0;
				TARGETED_DEVICE_FAMILY = "1,2";
				TEST_TARGET_NAME = UsersList;
			};
			name = Debug;
		};
		D409737B2B96BFFE00EA7310 /* Release */ = {
			isa = XCBuildConfiguration;
			buildSettings = {
				ALWAYS_EMBED_SWIFT_STANDARD_LIBRARIES = YES;
				CODE_SIGN_STYLE = Automatic;
				CURRENT_PROJECT_VERSION = 1;
				GENERATE_INFOPLIST_FILE = YES;
				MARKETING_VERSION = 1.0;
				PRODUCT_BUNDLE_IDENTIFIER = com.Gordey.UsersList.UsersListUITests;
				PRODUCT_NAME = "$(TARGET_NAME)";
				SWIFT_EMIT_LOC_STRINGS = NO;
				SWIFT_VERSION = 5.0;
				TARGETED_DEVICE_FAMILY = "1,2";
				TEST_TARGET_NAME = UsersList;
			};
			name = Release;
		};
/* End XCBuildConfiguration section */

/* Begin XCConfigurationList section */
		D40973442B96BFFD00EA7310 /* Build configuration list for PBXProject "UsersList" */ = {
			isa = XCConfigurationList;
			buildConfigurations = (
				D40973712B96BFFE00EA7310 /* Debug */,
				D40973722B96BFFE00EA7310 /* Release */,
			);
			defaultConfigurationIsVisible = 0;
			defaultConfigurationName = Release;
		};
		D40973732B96BFFE00EA7310 /* Build configuration list for PBXNativeTarget "UsersList" */ = {
			isa = XCConfigurationList;
			buildConfigurations = (
				D40973742B96BFFE00EA7310 /* Debug */,
				D40973752B96BFFE00EA7310 /* Release */,
			);
			defaultConfigurationIsVisible = 0;
			defaultConfigurationName = Release;
		};
		D40973762B96BFFE00EA7310 /* Build configuration list for PBXNativeTarget "UsersListTests" */ = {
			isa = XCConfigurationList;
			buildConfigurations = (
				D40973772B96BFFE00EA7310 /* Debug */,
				D40973782B96BFFE00EA7310 /* Release */,
			);
			defaultConfigurationIsVisible = 0;
			defaultConfigurationName = Release;
		};
		D40973792B96BFFE00EA7310 /* Build configuration list for PBXNativeTarget "UsersListUITests" */ = {
			isa = XCConfigurationList;
			buildConfigurations = (
				D409737A2B96BFFE00EA7310 /* Debug */,
				D409737B2B96BFFE00EA7310 /* Release */,
			);
			defaultConfigurationIsVisible = 0;
			defaultConfigurationName = Release;
		};
/* End XCConfigurationList section */
	};
	rootObject = D40973412B96BFFD00EA7310 /* Project object */;
}
